// !$*UTF8*$!
{
	archiveVersion = 1;
	classes = {
	};
	objectVersion = 46;
	objects = {

/* Begin PBXBuildFile section */
		290DB7B51D34465500561C80 /* Search.png in Resources */ = {isa = PBXBuildFile; fileRef = 290DB7B21D34465500561C80 /* Search.png */; };
		290DB7B61D34465500561C80 /* Search@2x.png in Resources */ = {isa = PBXBuildFile; fileRef = 290DB7B31D34465500561C80 /* Search@2x.png */; };
		290DB7B71D34465500561C80 /* Search@3x.png in Resources */ = {isa = PBXBuildFile; fileRef = 290DB7B41D34465500561C80 /* Search@3x.png */; };
		290DB7B91D344D7B00561C80 /* UsersVC.swift in Sources */ = {isa = PBXBuildFile; fileRef = 290DB7B81D344D7B00561C80 /* UsersVC.swift */; };
		290DB7BB1D344DAF00561C80 /* UsersCell.swift in Sources */ = {isa = PBXBuildFile; fileRef = 290DB7BA1D344DAF00561C80 /* UsersCell.swift */; };
		2918CD121D2E2A5300491899 /* home.png in Resources */ = {isa = PBXBuildFile; fileRef = 2918CD0F1D2E2A5300491899 /* home.png */; };
		2918CD131D2E2A5300491899 /* home@2x.png in Resources */ = {isa = PBXBuildFile; fileRef = 2918CD101D2E2A5300491899 /* home@2x.png */; };
		2918CD141D2E2A5300491899 /* home@3x.png in Resources */ = {isa = PBXBuildFile; fileRef = 2918CD111D2E2A5300491899 /* home@3x.png */; };
		2918CD171D2E2C0000491899 /* NavVC.swift in Sources */ = {isa = PBXBuildFile; fileRef = 2918CD161D2E2C0000491899 /* NavVC.swift */; };
		2918CD191D2E2E7200491899 /* TabBarVC.swift in Sources */ = {isa = PBXBuildFile; fileRef = 2918CD181D2E2E7200491899 /* TabBarVC.swift */; };
		2918CD1B1D2E386700491899 /* ava.png in Resources */ = {isa = PBXBuildFile; fileRef = 2918CD1A1D2E386700491899 /* ava.png */; };
		2918CD1D1D2E3C3D00491899 /* HomeVC.swift in Sources */ = {isa = PBXBuildFile; fileRef = 2918CD1C1D2E3C3D00491899 /* HomeVC.swift */; };
		291CC9941D36EC1100F5202E /* EditVC.swift in Sources */ = {isa = PBXBuildFile; fileRef = 291CC9931D36EC1100F5202E /* EditVC.swift */; };
		291CC9961D37121400F5202E /* logo.png in Resources */ = {isa = PBXBuildFile; fileRef = 291CC9951D37121400F5202E /* logo.png */; };
		293B10221D23565000E480BF /* AppDelegate.swift in Sources */ = {isa = PBXBuildFile; fileRef = 293B10211D23565000E480BF /* AppDelegate.swift */; };
		293B10241D23565000E480BF /* RegisterVC.swift in Sources */ = {isa = PBXBuildFile; fileRef = 293B10231D23565000E480BF /* RegisterVC.swift */; };
		293B10271D23565000E480BF /* Main.storyboard in Resources */ = {isa = PBXBuildFile; fileRef = 293B10251D23565000E480BF /* Main.storyboard */; };
		293B10291D23565000E480BF /* Assets.xcassets in Resources */ = {isa = PBXBuildFile; fileRef = 293B10281D23565000E480BF /* Assets.xcassets */; };
		293B102C1D23565000E480BF /* LaunchScreen.storyboard in Resources */ = {isa = PBXBuildFile; fileRef = 293B102A1D23565000E480BF /* LaunchScreen.storyboard */; };
		294B84031D30656B0050BDE4 /* Post.png in Resources */ = {isa = PBXBuildFile; fileRef = 294B84001D30656B0050BDE4 /* Post.png */; };
		294B84041D30656B0050BDE4 /* Post@2x.png in Resources */ = {isa = PBXBuildFile; fileRef = 294B84011D30656B0050BDE4 /* Post@2x.png */; };
		294B84051D30656B0050BDE4 /* Post@3x.png in Resources */ = {isa = PBXBuildFile; fileRef = 294B84021D30656B0050BDE4 /* Post@3x.png */; };
		294B84071D30717B0050BDE4 /* PostVC.swift in Sources */ = {isa = PBXBuildFile; fileRef = 294B84061D30717B0050BDE4 /* PostVC.swift */; };
		2960171B1D2A242900AC1993 /* mainbg.jpg in Resources */ = {isa = PBXBuildFile; fileRef = 2960171A1D2A242900AC1993 /* mainbg.jpg */; };
		298FBE181D2704EE007EA3DE /* LoginVC.swift in Sources */ = {isa = PBXBuildFile; fileRef = 298FBE171D2704EE007EA3DE /* LoginVC.swift */; };
		298FBE1A1D274F30007EA3DE /* ResetVC.swift in Sources */ = {isa = PBXBuildFile; fileRef = 298FBE191D274F30007EA3DE /* ResetVC.swift */; };
		29ABFC561D31AD92009C7C25 /* PostCell.swift in Sources */ = {isa = PBXBuildFile; fileRef = 29ABFC551D31AD92009C7C25 /* PostCell.swift */; };
		29BCF4D81D3605C70079CDF6 /* GuestVC.swift in Sources */ = {isa = PBXBuildFile; fileRef = 29BCF4D71D3605C70079CDF6 /* GuestVC.swift */; };
/* End PBXBuildFile section */

/* Begin PBXFileReference section */
		290DB7B21D34465500561C80 /* Search.png */ = {isa = PBXFileReference; lastKnownFileType = image.png; path = Search.png; sourceTree = "<group>"; };
		290DB7B31D34465500561C80 /* Search@2x.png */ = {isa = PBXFileReference; lastKnownFileType = image.png; path = "Search@2x.png"; sourceTree = "<group>"; };
		290DB7B41D34465500561C80 /* Search@3x.png */ = {isa = PBXFileReference; lastKnownFileType = image.png; path = "Search@3x.png"; sourceTree = "<group>"; };
		290DB7B81D344D7B00561C80 /* UsersVC.swift */ = {isa = PBXFileReference; fileEncoding = 4; lastKnownFileType = sourcecode.swift; path = UsersVC.swift; sourceTree = "<group>"; };
		290DB7BA1D344DAF00561C80 /* UsersCell.swift */ = {isa = PBXFileReference; fileEncoding = 4; lastKnownFileType = sourcecode.swift; path = UsersCell.swift; sourceTree = "<group>"; };
		2918CD0F1D2E2A5300491899 /* home.png */ = {isa = PBXFileReference; lastKnownFileType = image.png; path = home.png; sourceTree = "<group>"; };
		2918CD101D2E2A5300491899 /* home@2x.png */ = {isa = PBXFileReference; lastKnownFileType = image.png; path = "home@2x.png"; sourceTree = "<group>"; };
		2918CD111D2E2A5300491899 /* home@3x.png */ = {isa = PBXFileReference; lastKnownFileType = image.png; path = "home@3x.png"; sourceTree = "<group>"; };
		2918CD161D2E2C0000491899 /* NavVC.swift */ = {isa = PBXFileReference; fileEncoding = 4; lastKnownFileType = sourcecode.swift; path = NavVC.swift; sourceTree = "<group>"; };
		2918CD181D2E2E7200491899 /* TabBarVC.swift */ = {isa = PBXFileReference; fileEncoding = 4; lastKnownFileType = sourcecode.swift; path = TabBarVC.swift; sourceTree = "<group>"; };
		2918CD1A1D2E386700491899 /* ava.png */ = {isa = PBXFileReference; lastKnownFileType = image.png; path = ava.png; sourceTree = "<group>"; };
		2918CD1C1D2E3C3D00491899 /* HomeVC.swift */ = {isa = PBXFileReference; fileEncoding = 4; lastKnownFileType = sourcecode.swift; path = HomeVC.swift; sourceTree = "<group>"; };
		291CC9931D36EC1100F5202E /* EditVC.swift */ = {isa = PBXFileReference; fileEncoding = 4; lastKnownFileType = sourcecode.swift; path = EditVC.swift; sourceTree = "<group>"; };
		291CC9951D37121400F5202E /* logo.png */ = {isa = PBXFileReference; lastKnownFileType = image.png; path = logo.png; sourceTree = "<group>"; };
		293B101E1D23565000E480BF /* Tweeter.app */ = {isa = PBXFileReference; explicitFileType = wrapper.application; includeInIndex = 0; path = Tweeter.app; sourceTree = BUILT_PRODUCTS_DIR; };
		293B10211D23565000E480BF /* AppDelegate.swift */ = {isa = PBXFileReference; lastKnownFileType = sourcecode.swift; path = AppDelegate.swift; sourceTree = "<group>"; };
		293B10231D23565000E480BF /* RegisterVC.swift */ = {isa = PBXFileReference; lastKnownFileType = sourcecode.swift; path = RegisterVC.swift; sourceTree = "<group>"; };
		293B10261D23565000E480BF /* Base */ = {isa = PBXFileReference; lastKnownFileType = file.storyboard; name = Base; path = Base.lproj/Main.storyboard; sourceTree = "<group>"; };
		293B10281D23565000E480BF /* Assets.xcassets */ = {isa = PBXFileReference; lastKnownFileType = folder.assetcatalog; path = Assets.xcassets; sourceTree = "<group>"; };
		293B102B1D23565000E480BF /* Base */ = {isa = PBXFileReference; lastKnownFileType = file.storyboard; name = Base; path = Base.lproj/LaunchScreen.storyboard; sourceTree = "<group>"; };
		293B102D1D23565000E480BF /* Info.plist */ = {isa = PBXFileReference; lastKnownFileType = text.plist.xml; path = Info.plist; sourceTree = "<group>"; };
		294B84001D30656B0050BDE4 /* Post.png */ = {isa = PBXFileReference; lastKnownFileType = image.png; path = Post.png; sourceTree = "<group>"; };
		294B84011D30656B0050BDE4 /* Post@2x.png */ = {isa = PBXFileReference; lastKnownFileType = image.png; path = "Post@2x.png"; sourceTree = "<group>"; };
		294B84021D30656B0050BDE4 /* Post@3x.png */ = {isa = PBXFileReference; lastKnownFileType = image.png; path = "Post@3x.png"; sourceTree = "<group>"; };
		294B84061D30717B0050BDE4 /* PostVC.swift */ = {isa = PBXFileReference; fileEncoding = 4; lastKnownFileType = sourcecode.swift; path = PostVC.swift; sourceTree = "<group>"; };
		2960171A1D2A242900AC1993 /* mainbg.jpg */ = {isa = PBXFileReference; lastKnownFileType = image.jpeg; path = mainbg.jpg; sourceTree = "<group>"; };
		298FBE171D2704EE007EA3DE /* LoginVC.swift */ = {isa = PBXFileReference; fileEncoding = 4; lastKnownFileType = sourcecode.swift; path = LoginVC.swift; sourceTree = "<group>"; };
		298FBE191D274F30007EA3DE /* ResetVC.swift */ = {isa = PBXFileReference; fileEncoding = 4; lastKnownFileType = sourcecode.swift; path = ResetVC.swift; sourceTree = "<group>"; };
		29ABFC551D31AD92009C7C25 /* PostCell.swift */ = {isa = PBXFileReference; fileEncoding = 4; lastKnownFileType = sourcecode.swift; path = PostCell.swift; sourceTree = "<group>"; };
		29BCF4D71D3605C70079CDF6 /* GuestVC.swift */ = {isa = PBXFileReference; fileEncoding = 4; lastKnownFileType = sourcecode.swift; path = GuestVC.swift; sourceTree = "<group>"; };
/* End PBXFileReference section */

/* Begin PBXFrameworksBuildPhase section */
		293B101B1D23565000E480BF /* Frameworks */ = {
			isa = PBXFrameworksBuildPhase;
			buildActionMask = 2147483647;
			files = (
			);
			runOnlyForDeploymentPostprocessing = 0;
		};
/* End PBXFrameworksBuildPhase section */

/* Begin PBXGroup section */
		2918CD151D2E2A6300491899 /* Icons */ = {
			isa = PBXGroup;
			children = (
				290DB7B21D34465500561C80 /* Search.png */,
				290DB7B31D34465500561C80 /* Search@2x.png */,
				290DB7B41D34465500561C80 /* Search@3x.png */,
				294B84001D30656B0050BDE4 /* Post.png */,
				294B84011D30656B0050BDE4 /* Post@2x.png */,
				294B84021D30656B0050BDE4 /* Post@3x.png */,
				2918CD0F1D2E2A5300491899 /* home.png */,
				2918CD101D2E2A5300491899 /* home@2x.png */,
				2918CD111D2E2A5300491899 /* home@3x.png */,
			);
			name = Icons;
			sourceTree = "<group>";
		};
		293B10151D23565000E480BF = {
			isa = PBXGroup;
			children = (
				293B10201D23565000E480BF /* Tweeter */,
				293B101F1D23565000E480BF /* Products */,
			);
			sourceTree = "<group>";
		};
		293B101F1D23565000E480BF /* Products */ = {
			isa = PBXGroup;
			children = (
				293B101E1D23565000E480BF /* Tweeter.app */,
			);
			name = Products;
			sourceTree = "<group>";
		};
		293B10201D23565000E480BF /* Tweeter */ = {
			isa = PBXGroup;
			children = (
				293B10211D23565000E480BF /* AppDelegate.swift */,
				293B10231D23565000E480BF /* RegisterVC.swift */,
				298FBE191D274F30007EA3DE /* ResetVC.swift */,
				291CC9931D36EC1100F5202E /* EditVC.swift */,
				298FBE171D2704EE007EA3DE /* LoginVC.swift */,
				293B10251D23565000E480BF /* Main.storyboard */,
				2918CD1C1D2E3C3D00491899 /* HomeVC.swift */,
				29ABFC551D31AD92009C7C25 /* PostCell.swift */,
				294B84061D30717B0050BDE4 /* PostVC.swift */,
				290DB7B81D344D7B00561C80 /* UsersVC.swift */,
				290DB7BA1D344DAF00561C80 /* UsersCell.swift */,
				29BCF4D71D3605C70079CDF6 /* GuestVC.swift */,
				2918CD1A1D2E386700491899 /* ava.png */,
				293B10281D23565000E480BF /* Assets.xcassets */,
				293B102A1D23565000E480BF /* LaunchScreen.storyboard */,
				293B102D1D23565000E480BF /* Info.plist */,
				291CC9951D37121400F5202E /* logo.png */,
				2960171A1D2A242900AC1993 /* mainbg.jpg */,
				2918CD151D2E2A6300491899 /* Icons */,
				2918CD161D2E2C0000491899 /* NavVC.swift */,
				2918CD181D2E2E7200491899 /* TabBarVC.swift */,
			);
			path = Tweeter;
			sourceTree = "<group>";
		};
/* End PBXGroup section */

/* Begin PBXNativeTarget section */
		293B101D1D23565000E480BF /* Tweeter */ = {
			isa = PBXNativeTarget;
			buildConfigurationList = 293B10301D23565000E480BF /* Build configuration list for PBXNativeTarget "Tweeter" */;
			buildPhases = (
				293B101A1D23565000E480BF /* Sources */,
				293B101B1D23565000E480BF /* Frameworks */,
				293B101C1D23565000E480BF /* Resources */,
			);
			buildRules = (
			);
			dependencies = (
			);
			name = Tweeter;
			productName = Tweeter;
			productReference = 293B101E1D23565000E480BF /* Tweeter.app */;
			productType = "com.apple.product-type.application";
		};
/* End PBXNativeTarget section */

/* Begin PBXProject section */
		293B10161D23565000E480BF /* Project object */ = {
			isa = PBXProject;
			attributes = {
				LastSwiftUpdateCheck = 0730;
				LastUpgradeCheck = 0730;
				ORGANIZATIONNAME = "Julio Buendia";
				TargetAttributes = {
					293B101D1D23565000E480BF = {
						CreatedOnToolsVersion = 7.3.1;
						DevelopmentTeam = 3736ASU4XJ;
					};
				};
			};
			buildConfigurationList = 293B10191D23565000E480BF /* Build configuration list for PBXProject "Tweeter" */;
			compatibilityVersion = "Xcode 3.2";
			developmentRegion = English;
			hasScannedForEncodings = 0;
			knownRegions = (
				en,
				Base,
			);
			mainGroup = 293B10151D23565000E480BF;
			productRefGroup = 293B101F1D23565000E480BF /* Products */;
			projectDirPath = "";
			projectRoot = "";
			targets = (
				293B101D1D23565000E480BF /* Tweeter */,
			);
		};
/* End PBXProject section */

/* Begin PBXResourcesBuildPhase section */
		293B101C1D23565000E480BF /* Resources */ = {
			isa = PBXResourcesBuildPhase;
			buildActionMask = 2147483647;
			files = (
				294B84031D30656B0050BDE4 /* Post.png in Resources */,
				293B102C1D23565000E480BF /* LaunchScreen.storyboard in Resources */,
				2918CD121D2E2A5300491899 /* home.png in Resources */,
				2918CD1B1D2E386700491899 /* ava.png in Resources */,
				293B10291D23565000E480BF /* Assets.xcassets in Resources */,
				293B10271D23565000E480BF /* Main.storyboard in Resources */,
				2960171B1D2A242900AC1993 /* mainbg.jpg in Resources */,
				290DB7B51D34465500561C80 /* Search.png in Resources */,
				290DB7B61D34465500561C80 /* Search@2x.png in Resources */,
				290DB7B71D34465500561C80 /* Search@3x.png in Resources */,
				2918CD131D2E2A5300491899 /* home@2x.png in Resources */,
				291CC9961D37121400F5202E /* logo.png in Resources */,
				294B84041D30656B0050BDE4 /* Post@2x.png in Resources */,
				294B84051D30656B0050BDE4 /* Post@3x.png in Resources */,
				2918CD141D2E2A5300491899 /* home@3x.png in Resources */,
			);
			runOnlyForDeploymentPostprocessing = 0;
		};
/* End PBXResourcesBuildPhase section */

/* Begin PBXSourcesBuildPhase section */
		293B101A1D23565000E480BF /* Sources */ = {
			isa = PBXSourcesBuildPhase;
			buildActionMask = 2147483647;
			files = (
				298FBE1A1D274F30007EA3DE /* ResetVC.swift in Sources */,
				29BCF4D81D3605C70079CDF6 /* GuestVC.swift in Sources */,
				2918CD1D1D2E3C3D00491899 /* HomeVC.swift in Sources */,
				2918CD171D2E2C0000491899 /* NavVC.swift in Sources */,
				293B10241D23565000E480BF /* RegisterVC.swift in Sources */,
				293B10221D23565000E480BF /* AppDelegate.swift in Sources */,
				290DB7B91D344D7B00561C80 /* UsersVC.swift in Sources */,
				29ABFC561D31AD92009C7C25 /* PostCell.swift in Sources */,
				290DB7BB1D344DAF00561C80 /* UsersCell.swift in Sources */,
				2918CD191D2E2E7200491899 /* TabBarVC.swift in Sources */,
				294B84071D30717B0050BDE4 /* PostVC.swift in Sources */,
				298FBE181D2704EE007EA3DE /* LoginVC.swift in Sources */,
				291CC9941D36EC1100F5202E /* EditVC.swift in Sources */,
			);
			runOnlyForDeploymentPostprocessing = 0;
		};
/* End PBXSourcesBuildPhase section */

/* Begin PBXVariantGroup section */
		293B10251D23565000E480BF /* Main.storyboard */ = {
			isa = PBXVariantGroup;
			children = (
				293B10261D23565000E480BF /* Base */,
			);
			name = Main.storyboard;
			sourceTree = "<group>";
		};
		293B102A1D23565000E480BF /* LaunchScreen.storyboard */ = {
			isa = PBXVariantGroup;
			children = (
				293B102B1D23565000E480BF /* Base */,
			);
			name = LaunchScreen.storyboard;
			sourceTree = "<group>";
		};
/* End PBXVariantGroup section */

/* Begin XCBuildConfiguration section */
		293B102E1D23565000E480BF /* Debug */ = {
			isa = XCBuildConfiguration;
			buildSettings = {
				ALWAYS_SEARCH_USER_PATHS = NO;
				CLANG_ANALYZER_NONNULL = YES;
				CLANG_CXX_LANGUAGE_STANDARD = "gnu++0x";
				CLANG_CXX_LIBRARY = "libc++";
				CLANG_ENABLE_MODULES = YES;
				CLANG_ENABLE_OBJC_ARC = YES;
				CLANG_WARN_BOOL_CONVERSION = YES;
				CLANG_WARN_CONSTANT_CONVERSION = YES;
				CLANG_WARN_DIRECT_OBJC_ISA_USAGE = YES_ERROR;
				CLANG_WARN_EMPTY_BODY = YES;
				CLANG_WARN_ENUM_CONVERSION = YES;
				CLANG_WARN_INT_CONVERSION = YES;
				CLANG_WARN_OBJC_ROOT_CLASS = YES_ERROR;
				CLANG_WARN_UNREACHABLE_CODE = YES;
				CLANG_WARN__DUPLICATE_METHOD_MATCH = YES;
				"CODE_SIGN_IDENTITY[sdk=iphoneos*]" = "iPhone Developer";
				COPY_PHASE_STRIP = NO;
				DEBUG_INFORMATION_FORMAT = dwarf;
				ENABLE_STRICT_OBJC_MSGSEND = YES;
				ENABLE_TESTABILITY = YES;
				GCC_C_LANGUAGE_STANDARD = gnu99;
				GCC_DYNAMIC_NO_PIC = NO;
				GCC_NO_COMMON_BLOCKS = YES;
				GCC_OPTIMIZATION_LEVEL = 0;
				GCC_PREPROCESSOR_DEFINITIONS = (
					"DEBUG=1",
					"$(inherited)",
				);
				GCC_WARN_64_TO_32_BIT_CONVERSION = YES;
				GCC_WARN_ABOUT_RETURN_TYPE = YES_ERROR;
				GCC_WARN_UNDECLARED_SELECTOR = YES;
				GCC_WARN_UNINITIALIZED_AUTOS = YES_AGGRESSIVE;
				GCC_WARN_UNUSED_FUNCTION = YES;
				GCC_WARN_UNUSED_VARIABLE = YES;
				IPHONEOS_DEPLOYMENT_TARGET = 9.3;
				MTL_ENABLE_DEBUG_INFO = YES;
				ONLY_ACTIVE_ARCH = YES;
				SDKROOT = iphoneos;
				SWIFT_OPTIMIZATION_LEVEL = "-Onone";
			};
			name = Debug;
		};
		293B102F1D23565000E480BF /* Release */ = {
			isa = XCBuildConfiguration;
			buildSettings = {
				ALWAYS_SEARCH_USER_PATHS = NO;
				CLANG_ANALYZER_NONNULL = YES;
				CLANG_CXX_LANGUAGE_STANDARD = "gnu++0x";
				CLANG_CXX_LIBRARY = "libc++";
				CLANG_ENABLE_MODULES = YES;
				CLANG_ENABLE_OBJC_ARC = YES;
				CLANG_WARN_BOOL_CONVERSION = YES;
				CLANG_WARN_CONSTANT_CONVERSION = YES;
				CLANG_WARN_DIRECT_OBJC_ISA_USAGE = YES_ERROR;
				CLANG_WARN_EMPTY_BODY = YES;
				CLANG_WARN_ENUM_CONVERSION = YES;
				CLANG_WARN_INT_CONVERSION = YES;
				CLANG_WARN_OBJC_ROOT_CLASS = YES_ERROR;
				CLANG_WARN_UNREACHABLE_CODE = YES;
				CLANG_WARN__DUPLICATE_METHOD_MATCH = YES;
				"CODE_SIGN_IDENTITY[sdk=iphoneos*]" = "iPhone Developer";
				COPY_PHASE_STRIP = NO;
				DEBUG_INFORMATION_FORMAT = "dwarf-with-dsym";
				ENABLE_NS_ASSERTIONS = NO;
				ENABLE_STRICT_OBJC_MSGSEND = YES;
				GCC_C_LANGUAGE_STANDARD = gnu99;
				GCC_NO_COMMON_BLOCKS = YES;
				GCC_WARN_64_TO_32_BIT_CONVERSION = YES;
				GCC_WARN_ABOUT_RETURN_TYPE = YES_ERROR;
				GCC_WARN_UNDECLARED_SELECTOR = YES;
				GCC_WARN_UNINITIALIZED_AUTOS = YES_AGGRESSIVE;
				GCC_WARN_UNUSED_FUNCTION = YES;
				GCC_WARN_UNUSED_VARIABLE = YES;
				IPHONEOS_DEPLOYMENT_TARGET = 9.3;
				MTL_ENABLE_DEBUG_INFO = NO;
				SDKROOT = iphoneos;
				VALIDATE_PRODUCT = YES;
			};
			name = Release;
		};
		293B10311D23565000E480BF /* Debug */ = {
			isa = XCBuildConfiguration;
			buildSettings = {
				ASSETCATALOG_COMPILER_APPICON_NAME = AppIcon;
				CODE_SIGN_IDENTITY = "iPhone Developer";
				"CODE_SIGN_IDENTITY[sdk=iphoneos*]" = "iPhone Developer";
				INFOPLIST_FILE = Tweeter/Info.plist;
				LD_RUNPATH_SEARCH_PATHS = "$(inherited) @executable_path/Frameworks";
				PRODUCT_BUNDLE_IDENTIFIER = com.buendia.Tweeter;
				PRODUCT_NAME = "$(TARGET_NAME)";
				PROVISIONING_PROFILE = "";
			};
			name = Debug;
		};
		293B10321D23565000E480BF /* Release */ = {
			isa = XCBuildConfiguration;
			buildSettings = {
				ASSETCATALOG_COMPILER_APPICON_NAME = AppIcon;
				CODE_SIGN_IDENTITY = "iPhone Developer";
				"CODE_SIGN_IDENTITY[sdk=iphoneos*]" = "iPhone Developer";
				INFOPLIST_FILE = Tweeter/Info.plist;
				LD_RUNPATH_SEARCH_PATHS = "$(inherited) @executable_path/Frameworks";
				PRODUCT_BUNDLE_IDENTIFIER = com.buendia.Tweeter;
				PRODUCT_NAME = "$(TARGET_NAME)";
				PROVISIONING_PROFILE = "";
			};
			name = Release;
		};
/* End XCBuildConfiguration section */

/* Begin XCConfigurationList section */
		293B10191D23565000E480BF /* Build configuration list for PBXProject "Tweeter" */ = {
			isa = XCConfigurationList;
			buildConfigurations = (
				293B102E1D23565000E480BF /* Debug */,
				293B102F1D23565000E480BF /* Release */,
			);
			defaultConfigurationIsVisible = 0;
			defaultConfigurationName = Release;
		};
		293B10301D23565000E480BF /* Build configuration list for PBXNativeTarget "Tweeter" */ = {
			isa = XCConfigurationList;
			buildConfigurations = (
				293B10311D23565000E480BF /* Debug */,
				293B10321D23565000E480BF /* Release */,
			);
			defaultConfigurationIsVisible = 0;
			defaultConfigurationName = Release;
		};
/* End XCConfigurationList section */
	};
	rootObject = 293B10161D23565000E480BF /* Project object */;
}
